
Microsoft Visual Studio Solution File, Format Version 12.00
# Visual Studio Version 17
VisualStudioVersion = 17.14.36221.1 d17.14
MinimumVisualStudioVersion = 10.0.40219.1
Project("{FAE04EC0-301F-11D3-BF4B-00C04F79EFBC}") = "LibraryManagementSystem_UI", "LibraryManagementSystem_UI.csproj", "{7A1BC05E-C3C2-4324-8CBB-94C8719093BB}"
EndProject
Global
	GlobalSection(SolutionConfigurationPlatforms) = preSolution
		Debug|Any CPU = Debug|Any CPU
		Release|Any CPU = Release|Any CPU
	EndGlobalSection
	GlobalSection(ProjectConfigurationPlatforms) = postSolution
		{7A1BC05E-C3C2-4324-8CBB-94C8719093BB}.Debug|Any CPU.ActiveCfg = Debug|Any CPU
		{7A1BC05E-C3C2-4324-8CBB-94C8719093BB}.Debug|Any CPU.Build.0 = Debug|Any CPU
		{7A1BC05E-C3C2-4324-8CBB-94C8719093BB}.Release|Any CPU.ActiveCfg = Release|Any CPU
		{7A1BC05E-C3C2-4324-8CBB-94C8719093BB}.Release|Any CPU.Build.0 = Release|Any CPU
	EndGlobalSection
	GlobalSection(SolutionProperties) = preSolution
		HideSolutionNode = FALSE
	EndGlobalSection
	GlobalSection(ExtensibilityGlobals) = postSolution
		SolutionGuid = {50094865-B2F8-4A89-8BE6-D642BA3694FF}
	EndGlobalSection
EndGlobal
